// !$*UTF8*$!
{
	archiveVersion = 1;
	classes = {
	};
	objectVersion = 56;
	objects = {

/* Begin PBXBuildFile section */
		F4279F2E28EF37AE00B939D7 /* ImageSimilarityApp.swift in Sources */ = {isa = PBXBuildFile; fileRef = F4279F2D28EF37AE00B939D7 /* ImageSimilarityApp.swift */; };
		F4279F3028EF37AE00B939D7 /* ContentView.swift in Sources */ = {isa = PBXBuildFile; fileRef = F4279F2F28EF37AE00B939D7 /* ContentView.swift */; };
		F4279F3228EF37AF00B939D7 /* Assets.xcassets in Resources */ = {isa = PBXBuildFile; fileRef = F4279F3128EF37AF00B939D7 /* Assets.xcassets */; };
		F4279F3C28EF38F200B939D7 /* ContentViewModel.swift in Sources */ = {isa = PBXBuildFile; fileRef = F4279F3B28EF38F200B939D7 /* ContentViewModel.swift */; };
		F4279F4728EF3A6400B939D7 /* 3.jpg in Resources */ = {isa = PBXBuildFile; fileRef = F4279F3E28EF3A6300B939D7 /* 3.jpg */; };
		F4279F4828EF3A6400B939D7 /* 1.jpg in Resources */ = {isa = PBXBuildFile; fileRef = F4279F3F28EF3A6300B939D7 /* 1.jpg */; };
		F4279F4928EF3A6400B939D7 /* 6.jpg in Resources */ = {isa = PBXBuildFile; fileRef = F4279F4028EF3A6400B939D7 /* 6.jpg */; };
		F4279F4A28EF3A6400B939D7 /* 0.jpg in Resources */ = {isa = PBXBuildFile; fileRef = F4279F4128EF3A6400B939D7 /* 0.jpg */; };
		F4279F4B28EF3A6400B939D7 /* 2.jpg in Resources */ = {isa = PBXBuildFile; fileRef = F4279F4228EF3A6400B939D7 /* 2.jpg */; };
		F4279F4C28EF3A6400B939D7 /* 7.jpg in Resources */ = {isa = PBXBuildFile; fileRef = F4279F4328EF3A6400B939D7 /* 7.jpg */; };
		F4279F4D28EF3A6400B939D7 /* 5.jpg in Resources */ = {isa = PBXBuildFile; fileRef = F4279F4428EF3A6400B939D7 /* 5.jpg */; };
		F4279F4E28EF3A6400B939D7 /* 8.jpg in Resources */ = {isa = PBXBuildFile; fileRef = F4279F4528EF3A6400B939D7 /* 8.jpg */; };
		F4279F4F28EF3A6400B939D7 /* 4.jpg in Resources */ = {isa = PBXBuildFile; fileRef = F4279F4628EF3A6400B939D7 /* 4.jpg */; };
		F4279F5228F0506C00B939D7 /* 9.jpg in Resources */ = {isa = PBXBuildFile; fileRef = F4279F5128F0506C00B939D7 /* 9.jpg */; };
		F4279F5428F05F7400B939D7 /* 10.jpg in Resources */ = {isa = PBXBuildFile; fileRef = F4279F5328F05F7400B939D7 /* 10.jpg */; };
/* End PBXBuildFile section */

/* Begin PBXFileReference section */
		F4279F2A28EF37AE00B939D7 /* ImageSimilarity.app */ = {isa = PBXFileReference; explicitFileType = wrapper.application; includeInIndex = 0; path = ImageSimilarity.app; sourceTree = BUILT_PRODUCTS_DIR; };
		F4279F2D28EF37AE00B939D7 /* ImageSimilarityApp.swift */ = {isa = PBXFileReference; lastKnownFileType = sourcecode.swift; path = ImageSimilarityApp.swift; sourceTree = "<group>"; };
		F4279F2F28EF37AE00B939D7 /* ContentView.swift */ = {isa = PBXFileReference; lastKnownFileType = sourcecode.swift; path = ContentView.swift; sourceTree = "<group>"; };
		F4279F3128EF37AF00B939D7 /* Assets.xcassets */ = {isa = PBXFileReference; lastKnownFileType = folder.assetcatalog; path = Assets.xcassets; sourceTree = "<group>"; };
		F4279F3B28EF38F200B939D7 /* ContentViewModel.swift */ = {isa = PBXFileReference; lastKnownFileType = sourcecode.swift; path = ContentViewModel.swift; sourceTree = "<group>"; };
		F4279F3E28EF3A6300B939D7 /* 3.jpg */ = {isa = PBXFileReference; lastKnownFileType = image.jpeg; path = 3.jpg; sourceTree = "<group>"; };
		F4279F3F28EF3A6300B939D7 /* 1.jpg */ = {isa = PBXFileReference; lastKnownFileType = image.jpeg; path = 1.jpg; sourceTree = "<group>"; };
		F4279F4028EF3A6400B939D7 /* 6.jpg */ = {isa = PBXFileReference; lastKnownFileType = image.jpeg; path = 6.jpg; sourceTree = "<group>"; };
		F4279F4128EF3A6400B939D7 /* 0.jpg */ = {isa = PBXFileReference; lastKnownFileType = image.jpeg; path = 0.jpg; sourceTree = "<group>"; };
		F4279F4228EF3A6400B939D7 /* 2.jpg */ = {isa = PBXFileReference; lastKnownFileType = image.jpeg; path = 2.jpg; sourceTree = "<group>"; };
		F4279F4328EF3A6400B939D7 /* 7.jpg */ = {isa = PBXFileReference; lastKnownFileType = image.jpeg; path = 7.jpg; sourceTree = "<group>"; };
		F4279F4428EF3A6400B939D7 /* 5.jpg */ = {isa = PBXFileReference; lastKnownFileType = image.jpeg; path = 5.jpg; sourceTree = "<group>"; };
		F4279F4528EF3A6400B939D7 /* 8.jpg */ = {isa = PBXFileReference; lastKnownFileType = image.jpeg; path = 8.jpg; sourceTree = "<group>"; };
		F4279F4628EF3A6400B939D7 /* 4.jpg */ = {isa = PBXFileReference; lastKnownFileType = image.jpeg; path = 4.jpg; sourceTree = "<group>"; };
		F4279F5128F0506C00B939D7 /* 9.jpg */ = {isa = PBXFileReference; lastKnownFileType = image.jpeg; path = 9.jpg; sourceTree = "<group>"; };
		F4279F5328F05F7400B939D7 /* 10.jpg */ = {isa = PBXFileReference; lastKnownFileType = image.jpeg; path = 10.jpg; sourceTree = "<group>"; };
/* End PBXFileReference section */

/* Begin PBXFrameworksBuildPhase section */
		F4279F2728EF37AE00B939D7 /* Frameworks */ = {
			isa = PBXFrameworksBuildPhase;
			buildActionMask = 2147483647;
			files = (
			);
			runOnlyForDeploymentPostprocessing = 0;
		};
/* End PBXFrameworksBuildPhase section */

/* Begin PBXGroup section */
		F4279F2128EF37AE00B939D7 = {
			isa = PBXGroup;
			children = (
				F4279F2C28EF37AE00B939D7 /* ImageSimilarity */,
				F4279F2B28EF37AE00B939D7 /* Products */,
			);
			sourceTree = "<group>";
		};
		F4279F2B28EF37AE00B939D7 /* Products */ = {
			isa = PBXGroup;
			children = (
				F4279F2A28EF37AE00B939D7 /* ImageSimilarity.app */,
			);
			name = Products;
			sourceTree = "<group>";
		};
		F4279F2C28EF37AE00B939D7 /* ImageSimilarity */ = {
			isa = PBXGroup;
			children = (
				F4279F2D28EF37AE00B939D7 /* ImageSimilarityApp.swift */,
				F4279F2F28EF37AE00B939D7 /* ContentView.swift */,
				F4279F3B28EF38F200B939D7 /* ContentViewModel.swift */,
				F4279F3D28EF3A5B00B939D7 /* Resources */,
			);
			path = ImageSimilarity;
			sourceTree = "<group>";
		};
		F4279F3D28EF3A5B00B939D7 /* Resources */ = {
			isa = PBXGroup;
			children = (
				F4279F3128EF37AF00B939D7 /* Assets.xcassets */,
				F4279F5028EF3A7100B939D7 /* Images */,
			);
			path = Resources;
			sourceTree = "<group>";
		};
		F4279F5028EF3A7100B939D7 /* Images */ = {
			isa = PBXGroup;
			children = (
				F4279F4128EF3A6400B939D7 /* 0.jpg */,
				F4279F3F28EF3A6300B939D7 /* 1.jpg */,
				F4279F4228EF3A6400B939D7 /* 2.jpg */,
				F4279F3E28EF3A6300B939D7 /* 3.jpg */,
				F4279F4628EF3A6400B939D7 /* 4.jpg */,
				F4279F4428EF3A6400B939D7 /* 5.jpg */,
				F4279F4028EF3A6400B939D7 /* 6.jpg */,
				F4279F4328EF3A6400B939D7 /* 7.jpg */,
				F4279F4528EF3A6400B939D7 /* 8.jpg */,
				F4279F5128F0506C00B939D7 /* 9.jpg */,
				F4279F5328F05F7400B939D7 /* 10.jpg */,
			);
			path = Images;
			sourceTree = "<group>";
		};
/* End PBXGroup section */

/* Begin PBXNativeTarget section */
		F4279F2928EF37AE00B939D7 /* ImageSimilarity */ = {
			isa = PBXNativeTarget;
			buildConfigurationList = F4279F3828EF37AF00B939D7 /* Build configuration list for PBXNativeTarget "ImageSimilarity" */;
			buildPhases = (
				F4279F2628EF37AE00B939D7 /* Sources */,
				F4279F2728EF37AE00B939D7 /* Frameworks */,
				F4279F2828EF37AE00B939D7 /* Resources */,
			);
			buildRules = (
			);
			dependencies = (
			);
			name = ImageSimilarity;
			productName = ImageSimilarity;
			productReference = F4279F2A28EF37AE00B939D7 /* ImageSimilarity.app */;
			productType = "com.apple.product-type.application";
		};
/* End PBXNativeTarget section */

/* Begin PBXProject section */
		F4279F2228EF37AE00B939D7 /* Project object */ = {
			isa = PBXProject;
			attributes = {
				BuildIndependentTargetsInParallel = 1;
				LastSwiftUpdateCheck = 1400;
				LastUpgradeCheck = 1400;
				TargetAttributes = {
					F4279F2928EF37AE00B939D7 = {
						CreatedOnToolsVersion = 14.0;
					};
				};
			};
			buildConfigurationList = F4279F2528EF37AE00B939D7 /* Build configuration list for PBXProject "ImageSimilarity" */;
			compatibilityVersion = "Xcode 14.0";
			developmentRegion = en;
			hasScannedForEncodings = 0;
			knownRegions = (
				en,
				Base,
			);
			mainGroup = F4279F2128EF37AE00B939D7;
			productRefGroup = F4279F2B28EF37AE00B939D7 /* Products */;
			projectDirPath = "";
			projectRoot = "";
			targets = (
				F4279F2928EF37AE00B939D7 /* ImageSimilarity */,
			);
		};
/* End PBXProject section */

/* Begin PBXResourcesBuildPhase section */
		F4279F2828EF37AE00B939D7 /* Resources */ = {
			isa = PBXResourcesBuildPhase;
			buildActionMask = 2147483647;
			files = (
				F4279F5228F0506C00B939D7 /* 9.jpg in Resources */,
				F4279F4E28EF3A6400B939D7 /* 8.jpg in Resources */,
				F4279F4C28EF3A6400B939D7 /* 7.jpg in Resources */,
				F4279F4D28EF3A6400B939D7 /* 5.jpg in Resources */,
				F4279F4B28EF3A6400B939D7 /* 2.jpg in Resources */,
				F4279F4828EF3A6400B939D7 /* 1.jpg in Resources */,
				F4279F4728EF3A6400B939D7 /* 3.jpg in Resources */,
				F4279F4928EF3A6400B939D7 /* 6.jpg in Resources */,
				F4279F4F28EF3A6400B939D7 /* 4.jpg in Resources */,
				F4279F3228EF37AF00B939D7 /* Assets.xcassets in Resources */,
				F4279F5428F05F7400B939D7 /* 10.jpg in Resources */,
				F4279F4A28EF3A6400B939D7 /* 0.jpg in Resources */,
			);
			runOnlyForDeploymentPostprocessing = 0;
		};
/* End PBXResourcesBuildPhase section */

/* Begin PBXSourcesBuildPhase section */
		F4279F2628EF37AE00B939D7 /* Sources */ = {
			isa = PBXSourcesBuildPhase;
			buildActionMask = 2147483647;
			files = (
				F4279F3028EF37AE00B939D7 /* ContentView.swift in Sources */,
				F4279F2E28EF37AE00B939D7 /* ImageSimilarityApp.swift in Sources */,
				F4279F3C28EF38F200B939D7 /* ContentViewModel.swift in Sources */,
			);
			runOnlyForDeploymentPostprocessing = 0;
		};
/* End PBXSourcesBuildPhase section */

/* Begin XCBuildConfiguration section */
		F4279F3628EF37AF00B939D7 /* Debug */ = {
			isa = XCBuildConfiguration;
			buildSettings = {
				ALWAYS_SEARCH_USER_PATHS = NO;
				CLANG_ANALYZER_NONNULL = YES;
				CLANG_ANALYZER_NUMBER_OBJECT_CONVERSION = YES_AGGRESSIVE;
				CLANG_CXX_LANGUAGE_STANDARD = "gnu++20";
				CLANG_ENABLE_MODULES = YES;
				CLANG_ENABLE_OBJC_ARC = YES;
				CLANG_ENABLE_OBJC_WEAK = YES;
				CLANG_WARN_BLOCK_CAPTURE_AUTORELEASING = YES;
				CLANG_WARN_BOOL_CONVERSION = YES;
				CLANG_WARN_COMMA = YES;
				CLANG_WARN_CONSTANT_CONVERSION = YES;
				CLANG_WARN_DEPRECATED_OBJC_IMPLEMENTATIONS = YES;
				CLANG_WARN_DIRECT_OBJC_ISA_USAGE = YES_ERROR;
				CLANG_WARN_DOCUMENTATION_COMMENTS = YES;
				CLANG_WARN_EMPTY_BODY = YES;
				CLANG_WARN_ENUM_CONVERSION = YES;
				CLANG_WARN_INFINITE_RECURSION = YES;
				CLANG_WARN_INT_CONVERSION = YES;
				CLANG_WARN_NON_LITERAL_NULL_CONVERSION = YES;
				CLANG_WARN_OBJC_IMPLICIT_RETAIN_SELF = YES;
				CLANG_WARN_OBJC_LITERAL_CONVERSION = YES;
				CLANG_WARN_OBJC_ROOT_CLASS = YES_ERROR;
				CLANG_WARN_QUOTED_INCLUDE_IN_FRAMEWORK_HEADER = YES;
				CLANG_WARN_RANGE_LOOP_ANALYSIS = YES;
				CLANG_WARN_STRICT_PROTOTYPES = YES;
				CLANG_WARN_SUSPICIOUS_MOVE = YES;
				CLANG_WARN_UNGUARDED_AVAILABILITY = YES_AGGRESSIVE;
				CLANG_WARN_UNREACHABLE_CODE = YES;
				CLANG_WARN__DUPLICATE_METHOD_MATCH = YES;
				COPY_PHASE_STRIP = NO;
				DEBUG_INFORMATION_FORMAT = dwarf;
				ENABLE_STRICT_OBJC_MSGSEND = YES;
				ENABLE_TESTABILITY = YES;
				GCC_C_LANGUAGE_STANDARD = gnu11;
				GCC_DYNAMIC_NO_PIC = NO;
				GCC_NO_COMMON_BLOCKS = YES;
				GCC_OPTIMIZATION_LEVEL = 0;
				GCC_PREPROCESSOR_DEFINITIONS = (
					"DEBUG=1",
					"$(inherited)",
				);
				GCC_WARN_64_TO_32_BIT_CONVERSION = YES;
				GCC_WARN_ABOUT_RETURN_TYPE = YES_ERROR;
				GCC_WARN_UNDECLARED_SELECTOR = YES;
				GCC_WARN_UNINITIALIZED_AUTOS = YES_AGGRESSIVE;
				GCC_WARN_UNUSED_FUNCTION = YES;
				GCC_WARN_UNUSED_VARIABLE = YES;
				IPHONEOS_DEPLOYMENT_TARGET = 15.0;
				MTL_ENABLE_DEBUG_INFO = INCLUDE_SOURCE;
				MTL_FAST_MATH = YES;
				ONLY_ACTIVE_ARCH = YES;
				SDKROOT = iphoneos;
				SWIFT_ACTIVE_COMPILATION_CONDITIONS = DEBUG;
				SWIFT_OPTIMIZATION_LEVEL = "-Onone";
			};
			name = Debug;
		};
		F4279F3728EF37AF00B939D7 /* Release */ = {
			isa = XCBuildConfiguration;
			buildSettings = {
				ALWAYS_SEARCH_USER_PATHS = NO;
				CLANG_ANALYZER_NONNULL = YES;
				CLANG_ANALYZER_NUMBER_OBJECT_CONVERSION = YES_AGGRESSIVE;
				CLANG_CXX_LANGUAGE_STANDARD = "gnu++20";
				CLANG_ENABLE_MODULES = YES;
				CLANG_ENABLE_OBJC_ARC = YES;
				CLANG_ENABLE_OBJC_WEAK = YES;
				CLANG_WARN_BLOCK_CAPTURE_AUTORELEASING = YES;
				CLANG_WARN_BOOL_CONVERSION = YES;
				CLANG_WARN_COMMA = YES;
				CLANG_WARN_CONSTANT_CONVERSION = YES;
				CLANG_WARN_DEPRECATED_OBJC_IMPLEMENTATIONS = YES;
				CLANG_WARN_DIRECT_OBJC_ISA_USAGE = YES_ERROR;
				CLANG_WARN_DOCUMENTATION_COMMENTS = YES;
				CLANG_WARN_EMPTY_BODY = YES;
				CLANG_WARN_ENUM_CONVERSION = YES;
				CLANG_WARN_INFINITE_RECURSION = YES;
				CLANG_WARN_INT_CONVERSION = YES;
				CLANG_WARN_NON_LITERAL_NULL_CONVERSION = YES;
				CLANG_WARN_OBJC_IMPLICIT_RETAIN_SELF = YES;
				CLANG_WARN_OBJC_LITERAL_CONVERSION = YES;
				CLANG_WARN_OBJC_ROOT_CLASS = YES_ERROR;
				CLANG_WARN_QUOTED_INCLUDE_IN_FRAMEWORK_HEADER = YES;
				CLANG_WARN_RANGE_LOOP_ANALYSIS = YES;
				CLANG_WARN_STRICT_PROTOTYPES = YES;
				CLANG_WARN_SUSPICIOUS_MOVE = YES;
				CLANG_WARN_UNGUARDED_AVAILABILITY = YES_AGGRESSIVE;
				CLANG_WARN_UNREACHABLE_CODE = YES;
				CLANG_WARN__DUPLICATE_METHOD_MATCH = YES;
				COPY_PHASE_STRIP = NO;
				DEBUG_INFORMATION_FORMAT = "dwarf-with-dsym";
				ENABLE_NS_ASSERTIONS = NO;
				ENABLE_STRICT_OBJC_MSGSEND = YES;
				GCC_C_LANGUAGE_STANDARD = gnu11;
				GCC_NO_COMMON_BLOCKS = YES;
				GCC_WARN_64_TO_32_BIT_CONVERSION = YES;
				GCC_WARN_ABOUT_RETURN_TYPE = YES_ERROR;
				GCC_WARN_UNDECLARED_SELECTOR = YES;
				GCC_WARN_UNINITIALIZED_AUTOS = YES_AGGRESSIVE;
				GCC_WARN_UNUSED_FUNCTION = YES;
				GCC_WARN_UNUSED_VARIABLE = YES;
				IPHONEOS_DEPLOYMENT_TARGET = 15.0;
				MTL_ENABLE_DEBUG_INFO = NO;
				MTL_FAST_MATH = YES;
				SDKROOT = iphoneos;
				SWIFT_COMPILATION_MODE = wholemodule;
				SWIFT_OPTIMIZATION_LEVEL = "-O";
				VALIDATE_PRODUCT = YES;
			};
			name = Release;
		};
		F4279F3928EF37AF00B939D7 /* Debug */ = {
			isa = XCBuildConfiguration;
			buildSettings = {
				ASSETCATALOG_COMPILER_APPICON_NAME = AppIcon;
				ASSETCATALOG_COMPILER_GLOBAL_ACCENT_COLOR_NAME = AccentColor;
				CODE_SIGN_STYLE = Automatic;
				CURRENT_PROJECT_VERSION = 1;
				DEVELOPMENT_ASSET_PATHS = "";
				DEVELOPMENT_TEAM = VYNNYZBQ5A;
				ENABLE_PREVIEWS = YES;
				GENERATE_INFOPLIST_FILE = YES;
				INFOPLIST_KEY_UIApplicationSceneManifest_Generation = YES;
				INFOPLIST_KEY_UIApplicationSupportsIndirectInputEvents = YES;
				INFOPLIST_KEY_UILaunchScreen_Generation = YES;
				INFOPLIST_KEY_UISupportedInterfaceOrientations = "UIInterfaceOrientationLandscapeLeft UIInterfaceOrientationLandscapeRight UIInterfaceOrientationPortrait";
				INFOPLIST_KEY_UISupportedInterfaceOrientations_iPad = "UIInterfaceOrientationLandscapeLeft UIInterfaceOrientationLandscapeRight UIInterfaceOrientationPortrait UIInterfaceOrientationPortraitUpsideDown";
				LD_RUNPATH_SEARCH_PATHS = (
					"$(inherited)",
					"@executable_path/Frameworks",
				);
				MARKETING_VERSION = 1.0;
				PRODUCT_BUNDLE_IDENTIFIER = com.oguzozturk.ImageSimilarity;
				PRODUCT_NAME = "$(TARGET_NAME)";
				SWIFT_EMIT_LOC_STRINGS = YES;
				SWIFT_VERSION = 5.0;
				TARGETED_DEVICE_FAMILY = "1,2";
			};
			name = Debug;
		};
		F4279F3A28EF37AF00B939D7 /* Release */ = {
			isa = XCBuildConfiguration;
			buildSettings = {
				ASSETCATALOG_COMPILER_APPICON_NAME = AppIcon;
				ASSETCATALOG_COMPILER_GLOBAL_ACCENT_COLOR_NAME = AccentColor;
				CODE_SIGN_STYLE = Automatic;
				CURRENT_PROJECT_VERSION = 1;
				DEVELOPMENT_ASSET_PATHS = "";
				DEVELOPMENT_TEAM = VYNNYZBQ5A;
				ENABLE_PREVIEWS = YES;
				GENERATE_INFOPLIST_FILE = YES;
				INFOPLIST_KEY_UIApplicationSceneManifest_Generation = YES;
				INFOPLIST_KEY_UIApplicationSupportsIndirectInputEvents = YES;
				INFOPLIST_KEY_UILaunchScreen_Generation = YES;
				INFOPLIST_KEY_UISupportedInterfaceOrientations = "UIInterfaceOrientationLandscapeLeft UIInterfaceOrientationLandscapeRight UIInterfaceOrientationPortrait";
				INFOPLIST_KEY_UISupportedInterfaceOrientations_iPad = "UIInterfaceOrientationLandscapeLeft UIInterfaceOrientationLandscapeRight UIInterfaceOrientationPortrait UIInterfaceOrientationPortraitUpsideDown";
				LD_RUNPATH_SEARCH_PATHS = (
					"$(inherited)",
					"@executable_path/Frameworks",
				);
				MARKETING_VERSION = 1.0;
				PRODUCT_BUNDLE_IDENTIFIER = com.oguzozturk.ImageSimilarity;
				PRODUCT_NAME = "$(TARGET_NAME)";
				SWIFT_EMIT_LOC_STRINGS = YES;
				SWIFT_VERSION = 5.0;
				TARGETED_DEVICE_FAMILY = "1,2";
			};
			name = Release;
		};
/* End XCBuildConfiguration section */

/* Begin XCConfigurationList section */
		F4279F2528EF37AE00B939D7 /* Build configuration list for PBXProject "ImageSimilarity" */ = {
			isa = XCConfigurationList;
			buildConfigurations = (
				F4279F3628EF37AF00B939D7 /* Debug */,
				F4279F3728EF37AF00B939D7 /* Release */,
			);
			defaultConfigurationIsVisible = 0;
			defaultConfigurationName = Release;
		};
		F4279F3828EF37AF00B939D7 /* Build configuration list for PBXNativeTarget "ImageSimilarity" */ = {
			isa = XCConfigurationList;
			buildConfigurations = (
				F4279F3928EF37AF00B939D7 /* Debug */,
				F4279F3A28EF37AF00B939D7 /* Release */,
			);
			defaultConfigurationIsVisible = 0;
			defaultConfigurationName = Release;
		};
/* End XCConfigurationList section */
	};
	rootObject = F4279F2228EF37AE00B939D7 /* Project object */;
}
